{
  "name": "ai-tensorflow",
  "version": "1.0.0",
  "lockfileVersion": 2,
  "requires": true,
  "packages": {
    "": {
      "name": "ai-tensorflow",
      "version": "1.0.0",
      "license": "ISC",
      "dependencies": {
        "@tensorflow-models/speech-commands": "^0.4.0"
      }
    },
    "node_modules/@tensorflow-models/speech-commands": {
      "version": "0.4.2",
      "resolved": "https://repo.huaweicloud.com/repository/npm/@tensorflow-models/speech-commands/-/speech-commands-0.4.2.tgz",
      "integrity": "sha512-XpfRUzVy0DtQkMvR/jqRWCFgcka9pgwEdfqtHTqnIBoueAUJiuq1edD+RNzbK01O3bAJ9FIL/VuiTZmxNx92NQ==",
      "license": "Apache-2.0",
      "peerDependencies": {
        "@tensorflow/tfjs": "^1.5.2"
      }
    },
    "node_modules/@tensorflow/tfjs": {
      "version": "1.7.4",
      "resolved": "https://repo.huaweicloud.com/repository/npm/@tensorflow/tfjs/-/tfjs-1.7.4.tgz",
      "integrity": "sha512-XWGwRQ/ECEoQacd74JY/dmbLdnMpwtq3H8tls45dQ+GJ553Advir1FDo/aQt0Yr6fTimQDeiOIG4Mcb5KduP/w==",
      "license": "Apache-2.0",
      "peer": true,
      "dependencies": {
        "@tensorflow/tfjs-converter": "1.7.4",
        "@tensorflow/tfjs-core": "1.7.4",
        "@tensorflow/tfjs-data": "1.7.4",
        "@tensorflow/tfjs-layers": "1.7.4"
      }
    },
    "node_modules/@tensorflow/tfjs-converter": {
      "version": "1.7.4",
      "resolved": "https://repo.huaweicloud.com/repository/npm/@tensorflow/tfjs-converter/-/tfjs-converter-1.7.4.tgz",
      "integrity": "sha512-B/Ux9I3osI0CXoESGR0Xe5C6BsEfC04+g2xn5zVaW9KEuVEnGEgnuBQxgijRFzkqTwoyLv4ptAmjyIghVARX0Q==",
      "license": "Apache-2.0",
      "peer": true,
      "peerDependencies": {
        "@tensorflow/tfjs-core": "1.7.4"
      }
    },
    "node_modules/@tensorflow/tfjs-core": {
      "version": "1.7.4",
      "resolved": "https://repo.huaweicloud.com/repository/npm/@tensorflow/tfjs-core/-/tfjs-core-1.7.4.tgz",
      "integrity": "sha512-3G4VKJ6nPs7iCt6gs3bjRj8chihKrYWenf63R0pm7D9MhlrVoX/tpN4LYVMGgBL7jHPxMLKdOkoAZJrn/J88HQ==",
      "license": "Apache-2.0",
      "peer": true,
      "dependencies": {
        "@types/offscreencanvas": "~2019.3.0",
        "@types/seedrandom": "2.4.27",
        "@types/webgl-ext": "0.0.30",
        "@types/webgl2": "0.0.4",
        "node-fetch": "~2.1.2",
        "seedrandom": "2.4.3"
      },
      "engines": {
        "yarn": ">= 1.3.2"
      }
    },
    "node_modules/@tensorflow/tfjs-core/node_modules/seedrandom": {
      "version": "2.4.3",
      "resolved": "https://repo.huaweicloud.com/repository/npm/seedrandom/-/seedrandom-2.4.3.tgz",
      "integrity": "sha1-JDhQTa0zkXMUv/GKxNeU8W1qrsw=",
      "license": "MIT",
      "peer": true
    },
    "node_modules/@tensorflow/tfjs-data": {
      "version": "1.7.4",
      "resolved": "https://repo.huaweicloud.com/repository/npm/@tensorflow/tfjs-data/-/tfjs-data-1.7.4.tgz",
      "integrity": "sha512-WFYG9wWjNDi62x6o3O20Q0XJxToCw2J4/fBEXiK/Gr0hIqVhl2oLQ1OjTWq7O08NUxM6BRzuG+ra3gWYdQUzOw==",
      "license": "Apache-2.0",
      "peer": true,
      "dependencies": {
        "@types/node-fetch": "^2.1.2",
        "node-fetch": "~2.1.2"
      },
      "peerDependencies": {
        "@tensorflow/tfjs-core": "1.7.4",
        "seedrandom": "~2.4.3"
      }
    },
    "node_modules/@tensorflow/tfjs-layers": {
      "version": "1.7.4",
      "resolved": "https://repo.huaweicloud.com/repository/npm/@tensorflow/tfjs-layers/-/tfjs-layers-1.7.4.tgz",
      "integrity": "sha512-5/K8Z8RBfXsucL6EaSeb3/8jB/I8oPaaXkxwKVsBPQ+u6lB6LEtSKzeiFc57nDr5OMtVaUZV+pKDNEzP0RUQlg==",
      "license": "Apache-2.0 AND MIT",
      "peer": true,
      "peerDependencies": {
        "@tensorflow/tfjs-core": "1.7.4"
      }
    },
    "node_modules/@types/node": {
      "version": "12.20.47",
      "resolved": "https://repo.huaweicloud.com/repository/npm/@types/node/-/node-12.20.47.tgz",
      "integrity": "sha512-BzcaRsnFuznzOItW1WpQrDHM7plAa7GIDMZ6b5pnMbkqEtM/6WCOhvZar39oeMQP79gwvFUWjjptE7/KGcNqFg==",
      "license": "MIT",
      "peer": true
    },
    "node_modules/@types/node-fetch": {
      "version": "2.6.1",
      "resolved": "https://repo.huaweicloud.com/repository/npm/@types/node-fetch/-/node-fetch-2.6.1.tgz",
      "integrity": "sha512-oMqjURCaxoSIsHSr1E47QHzbmzNR5rK8McHuNb11BOM9cHcIK3Avy0s/b2JlXHoQGTYS3NsvWzV1M0iK7l0wbA==",
      "license": "MIT",
      "peer": true,
      "dependencies": {
        "@types/node": "*",
        "form-data": "^3.0.0"
      }
    },
    "node_modules/@types/offscreencanvas": {
      "version": "2019.3.0",
      "resolved": "https://repo.huaweicloud.com/repository/npm/@types/offscreencanvas/-/offscreencanvas-2019.3.0.tgz",
      "integrity": "sha512-esIJx9bQg+QYF0ra8GnvfianIY8qWB0GBx54PK5Eps6m+xTj86KLavHv6qDhzKcu5UUOgNfJ2pWaIIV7TRUd9Q==",
      "license": "MIT",
      "peer": true
    },
    "node_modules/@types/seedrandom": {
      "version": "2.4.27",
      "resolved": "https://repo.huaweicloud.com/repository/npm/@types/seedrandom/-/seedrandom-2.4.27.tgz",
      "integrity": "sha1-nbVjk33YaRX2kJK8QyWdL0hXjkE=",
      "license": "MIT",
      "peer": true
    },
    "node_modules/@types/webgl-ext": {
      "version": "0.0.30",
      "resolved": "https://repo.huaweicloud.com/repository/npm/@types/webgl-ext/-/webgl-ext-0.0.30.tgz",
      "integrity": "sha512-LKVgNmBxN0BbljJrVUwkxwRYqzsAEPcZOe6S2T6ZaBDIrFp0qu4FNlpc5sM1tGbXUYFgdVQIoeLk1Y1UoblyEg==",
      "license": "MIT",
      "peer": true
    },
    "node_modules/@types/webgl2": {
      "version": "0.0.4",
      "resolved": "https://repo.huaweicloud.com/repository/npm/@types/webgl2/-/webgl2-0.0.4.tgz",
      "integrity": "sha512-PACt1xdErJbMUOUweSrbVM7gSIYm1vTncW2hF6Os/EeWi6TXYAYMPp+8v6rzHmypE5gHrxaxZNXgMkJVIdZpHw==",
      "license": "MIT",
      "peer": true
    },
    "node_modules/asynckit": {
      "version": "0.4.0",
      "resolved": "https://repo.huaweicloud.com/repository/npm/asynckit/-/asynckit-0.4.0.tgz",
      "integrity": "sha1-x57Zf380y48robyXkLzDZkdLS3k=",
      "license": "MIT",
      "peer": true
    },
    "node_modules/combined-stream": {
      "version": "1.0.8",
      "resolved": "https://repo.huaweicloud.com/repository/npm/combined-stream/-/combined-stream-1.0.8.tgz",
      "integrity": "sha512-FQN4MRfuJeHf7cBbBMJFXhKSDq+2kAArBlmRBvcvFE5BB1HZKXtSFASDhdlz9zOYwxh8lDdnvmMOe/+5cdoEdg==",
      "license": "MIT",
      "peer": true,
      "dependencies": {
        "delayed-stream": "~1.0.0"
      },
      "engines": {
        "node": ">= 0.8"
      }
    },
    "node_modules/delayed-stream": {
      "version": "1.0.0",
      "resolved": "https://repo.huaweicloud.com/repository/npm/delayed-stream/-/delayed-stream-1.0.0.tgz",
      "integrity": "sha1-3zrhmayt+31ECqrgsp4icrJOxhk=",
      "license": "MIT",
      "peer": true,
      "engines": {
        "node": ">=0.4.0"
      }
    },
    "node_modules/form-data": {
      "version": "3.0.1",
      "resolved": "https://repo.huaweicloud.com/repository/npm/form-data/-/form-data-3.0.1.tgz",
      "integrity": "sha512-RHkBKtLWUVwd7SqRIvCZMEvAMoGUp0XU+seQiZejj0COz3RI3hWP4sCv3gZWWLjJTd7rGwcsF5eKZGii0r/hbg==",
      "license": "MIT",
      "peer": true,
      "dependencies": {
        "asynckit": "^0.4.0",
        "combined-stream": "^1.0.8",
        "mime-types": "^2.1.12"
      },
      "engines": {
        "node": ">= 6"
      }
    },
    "node_modules/mime-db": {
      "version": "1.51.0",
      "resolved": "https://repo.huaweicloud.com/repository/npm/mime-db/-/mime-db-1.51.0.tgz",
      "integrity": "sha512-5y8A56jg7XVQx2mbv1lu49NR4dokRnhZYTtL+KGfaa27uq4pSTXkwQkFJl4pkRMyNFz/EtYDSkiiEHx3F7UN6g==",
      "license": "MIT",
      "peer": true,
      "engines": {
        "node": ">= 0.6"
      }
    },
    "node_modules/mime-types": {
      "version": "2.1.34",
      "resolved": "https://repo.huaweicloud.com/repository/npm/mime-types/-/mime-types-2.1.34.tgz",
      "integrity": "sha512-6cP692WwGIs9XXdOO4++N+7qjqv0rqxxVvJ3VHPh/Sc9mVZcQP+ZGhkKiTvWMQRr2tbHkJP/Yn7Y0npb3ZBs4A==",
      "license": "MIT",
      "peer": true,
      "dependencies": {
        "mime-db": "1.51.0"
      },
      "engines": {
        "node": ">= 0.6"
      }
    },
    "node_modules/node-fetch": {
      "version": "2.1.2",
      "resolved": "https://repo.huaweicloud.com/repository/npm/node-fetch/-/node-fetch-2.1.2.tgz",
      "integrity": "sha1-q4hOjn5X44qUR1POxwb3iNF2i7U=",
      "license": "MIT",
      "peer": true,
      "engines": {
        "node": "4.x || >=6.0.0"
      }
    },
    "node_modules/seedrandom": {
      "version": "2.4.4",
      "resolved": "https://repo.huaweicloud.com/repository/npm/seedrandom/-/seedrandom-2.4.4.tgz",
      "integrity": "sha512-9A+PDmgm+2du77B5i0Ip2cxOqqHjgNxnBgglxLcX78A2D6c2rTo61z4jnVABpF4cKeDMDG+cmXXvdnqse2VqMA==",
      "license": "MIT",
      "peer": true
    }
  },
  "dependencies": {
    "@tensorflow-models/speech-commands": {
      "version": "0.4.2",
      "resolved": "https://repo.huaweicloud.com/repository/npm/@tensorflow-models/speech-commands/-/speech-commands-0.4.2.tgz",
      "integrity": "sha512-XpfRUzVy0DtQkMvR/jqRWCFgcka9pgwEdfqtHTqnIBoueAUJiuq1edD+RNzbK01O3bAJ9FIL/VuiTZmxNx92NQ==",
      "requires": {}
    },
    "@tensorflow/tfjs": {
      "version": "1.7.4",
      "resolved": "https://repo.huaweicloud.com/repository/npm/@tensorflow/tfjs/-/tfjs-1.7.4.tgz",
      "integrity": "sha512-XWGwRQ/ECEoQacd74JY/dmbLdnMpwtq3H8tls45dQ+GJ553Advir1FDo/aQt0Yr6fTimQDeiOIG4Mcb5KduP/w==",
      "peer": true,
      "requires": {
        "@tensorflow/tfjs-converter": "1.7.4",
        "@tensorflow/tfjs-core": "1.7.4",
        "@tensorflow/tfjs-data": "1.7.4",
        "@tensorflow/tfjs-layers": "1.7.4"
      }
    },
    "@tensorflow/tfjs-converter": {
      "version": "1.7.4",
      "resolved": "https://repo.huaweicloud.com/repository/npm/@tensorflow/tfjs-converter/-/tfjs-converter-1.7.4.tgz",
      "integrity": "sha512-B/Ux9I3osI0CXoESGR0Xe5C6BsEfC04+g2xn5zVaW9KEuVEnGEgnuBQxgijRFzkqTwoyLv4ptAmjyIghVARX0Q==",
      "peer": true,
      "requires": {}
    },
    "@tensorflow/tfjs-core": {
      "version": "1.7.4",
      "resolved": "https://repo.huaweicloud.com/repository/npm/@tensorflow/tfjs-core/-/tfjs-core-1.7.4.tgz",
      "integrity": "sha512-3G4VKJ6nPs7iCt6gs3bjRj8chihKrYWenf63R0pm7D9MhlrVoX/tpN4LYVMGgBL7jHPxMLKdOkoAZJrn/J88HQ==",
      "peer": true,
      "requires": {
        "@types/offscreencanvas": "~2019.3.0",
        "@types/seedrandom": "2.4.27",
        "@types/webgl-ext": "0.0.30",
        "@types/webgl2": "0.0.4",
        "node-fetch": "~2.1.2",
        "seedrandom": "2.4.3"
      },
      "dependencies": {
        "seedrandom": {
          "version": "2.4.3",
          "resolved": "https://repo.huaweicloud.com/repository/npm/seedrandom/-/seedrandom-2.4.3.tgz",
          "integrity": "sha1-JDhQTa0zkXMUv/GKxNeU8W1qrsw=",
          "peer": true
        }
      }
    },
    "@tensorflow/tfjs-data": {
      "version": "1.7.4",
      "resolved": "https://repo.huaweicloud.com/repository/npm/@tensorflow/tfjs-data/-/tfjs-data-1.7.4.tgz",
      "integrity": "sha512-WFYG9wWjNDi62x6o3O20Q0XJxToCw2J4/fBEXiK/Gr0hIqVhl2oLQ1OjTWq7O08NUxM6BRzuG+ra3gWYdQUzOw==",
      "peer": true,
      "requires": {
        "@types/node-fetch": "^2.1.2",
        "node-fetch": "~2.1.2"
      }
    },
    "@tensorflow/tfjs-layers": {
      "version": "1.7.4",
      "resolved": "https://repo.huaweicloud.com/repository/npm/@tensorflow/tfjs-layers/-/tfjs-layers-1.7.4.tgz",
      "integrity": "sha512-5/K8Z8RBfXsucL6EaSeb3/8jB/I8oPaaXkxwKVsBPQ+u6lB6LEtSKzeiFc57nDr5OMtVaUZV+pKDNEzP0RUQlg==",
      "peer": true,
      "requires": {}
    },
    "@types/node": {
      "version": "12.20.47",
      "resolved": "https://repo.huaweicloud.com/repository/npm/@types/node/-/node-12.20.47.tgz",
      "integrity": "sha512-BzcaRsnFuznzOItW1WpQrDHM7plAa7GIDMZ6b5pnMbkqEtM/6WCOhvZar39oeMQP79gwvFUWjjptE7/KGcNqFg==",
      "peer": true
    },
    "@types/node-fetch": {
      "version": "2.6.1",
      "resolved": "https://repo.huaweicloud.com/repository/npm/@types/node-fetch/-/node-fetch-2.6.1.tgz",
      "integrity": "sha512-oMqjURCaxoSIsHSr1E47QHzbmzNR5rK8McHuNb11BOM9cHcIK3Avy0s/b2JlXHoQGTYS3NsvWzV1M0iK7l0wbA==",
      "peer": true,
      "requires": {
        "@types/node": "*",
        "form-data": "^3.0.0"
      }
    },
    "@types/offscreencanvas": {
      "version": "2019.3.0",
      "resolved": "https://repo.huaweicloud.com/repository/npm/@types/offscreencanvas/-/offscreencanvas-2019.3.0.tgz",
      "integrity": "sha512-esIJx9bQg+QYF0ra8GnvfianIY8qWB0GBx54PK5Eps6m+xTj86KLavHv6qDhzKcu5UUOgNfJ2pWaIIV7TRUd9Q==",
      "peer": true
    },
    "@types/seedrandom": {
      "version": "2.4.27",
      "resolved": "https://repo.huaweicloud.com/repository/npm/@types/seedrandom/-/seedrandom-2.4.27.tgz",
      "integrity": "sha1-nbVjk33YaRX2kJK8QyWdL0hXjkE=",
      "peer": true
    },
    "@types/webgl-ext": {
      "version": "0.0.30",
      "resolved": "https://repo.huaweicloud.com/repository/npm/@types/webgl-ext/-/webgl-ext-0.0.30.tgz",
      "integrity": "sha512-LKVgNmBxN0BbljJrVUwkxwRYqzsAEPcZOe6S2T6ZaBDIrFp0qu4FNlpc5sM1tGbXUYFgdVQIoeLk1Y1UoblyEg==",
      "peer": true
    },
    "@types/webgl2": {
      "version": "0.0.4",
      "resolved": "https://repo.huaweicloud.com/repository/npm/@types/webgl2/-/webgl2-0.0.4.tgz",
      "integrity": "sha512-PACt1xdErJbMUOUweSrbVM7gSIYm1vTncW2hF6Os/EeWi6TXYAYMPp+8v6rzHmypE5gHrxaxZNXgMkJVIdZpHw==",
      "peer": true
    },
    "asynckit": {
      "version": "0.4.0",
      "resolved": "https://repo.huaweicloud.com/repository/npm/asynckit/-/asynckit-0.4.0.tgz",
      "integrity": "sha1-x57Zf380y48robyXkLzDZkdLS3k=",
      "peer": true
    },
    "combined-stream": {
      "version": "1.0.8",
      "resolved": "https://repo.huaweicloud.com/repository/npm/combined-stream/-/combined-stream-1.0.8.tgz",
      "integrity": "sha512-FQN4MRfuJeHf7cBbBMJFXhKSDq+2kAArBlmRBvcvFE5BB1HZKXtSFASDhdlz9zOYwxh8lDdnvmMOe/+5cdoEdg==",
      "peer": true,
      "requires": {
        "delayed-stream": "~1.0.0"
      }
    },
    "delayed-stream": {
      "version": "1.0.0",
      "resolved": "https://repo.huaweicloud.com/repository/npm/delayed-stream/-/delayed-stream-1.0.0.tgz",
      "integrity": "sha1-3zrhmayt+31ECqrgsp4icrJOxhk=",
      "peer": true
    },
    "form-data": {
      "version": "3.0.1",
      "resolved": "https://repo.huaweicloud.com/repository/npm/form-data/-/form-data-3.0.1.tgz",
      "integrity": "sha512-RHkBKtLWUVwd7SqRIvCZMEvAMoGUp0XU+seQiZejj0COz3RI3hWP4sCv3gZWWLjJTd7rGwcsF5eKZGii0r/hbg==",
      "peer": true,
      "requires": {
        "asynckit": "^0.4.0",
        "combined-stream": "^1.0.8",
        "mime-types": "^2.1.12"
      }
    },
    "mime-db": {
      "version": "1.51.0",
      "resolved": "https://repo.huaweicloud.com/repository/npm/mime-db/-/mime-db-1.51.0.tgz",
      "integrity": "sha512-5y8A56jg7XVQx2mbv1lu49NR4dokRnhZYTtL+KGfaa27uq4pSTXkwQkFJl4pkRMyNFz/EtYDSkiiEHx3F7UN6g==",
      "peer": true
    },
    "mime-types": {
      "version": "2.1.34",
      "resolved": "https://repo.huaweicloud.com/repository/npm/mime-types/-/mime-types-2.1.34.tgz",
      "integrity": "sha512-6cP692WwGIs9XXdOO4++N+7qjqv0rqxxVvJ3VHPh/Sc9mVZcQP+ZGhkKiTvWMQRr2tbHkJP/Yn7Y0npb3ZBs4A==",
      "peer": true,
      "requires": {
        "mime-db": "1.51.0"
      }
    },
    "node-fetch": {
      "version": "2.1.2",
      "resolved": "https://repo.huaweicloud.com/repository/npm/node-fetch/-/node-fetch-2.1.2.tgz",
      "integrity": "sha1-q4hOjn5X44qUR1POxwb3iNF2i7U=",
      "peer": true
    },
    "seedrandom": {
      "version": "2.4.4",
      "resolved": "https://repo.huaweicloud.com/repository/npm/seedrandom/-/seedrandom-2.4.4.tgz",
      "integrity": "sha512-9A+PDmgm+2du77B5i0Ip2cxOqqHjgNxnBgglxLcX78A2D6c2rTo61z4jnVABpF4cKeDMDG+cmXXvdnqse2VqMA==",
      "peer": true
    }
  }
}
